
Microsoft Visual Studio Solution File, Format Version 12.00
# Visual Studio Version 17
VisualStudioVersion = 17.3.32825.248
MinimumVisualStudioVersion = 10.0.40219.1
Project("{2150E333-8FDC-42A3-9474-1A3956D46DE8}") = "Application", "Application", "{3C5464D5-0177-4B8F-BABE-FB99F793BD5D}"
EndProject
Project("{2150E333-8FDC-42A3-9474-1A3956D46DE8}") = "Project", "Project", "{E0AA27BC-1053-477E-A330-21D774678089}"
	ProjectSection(SolutionItems) = preProject
		..\..\LICENSE = ..\..\LICENSE
		..\..\README.md = ..\..\README.md
	EndProjectSection
EndProject
Project("{2150E333-8FDC-42A3-9474-1A3956D46DE8}") = "Tests", "Tests", "{9B28DC04-610A-45EA-8703-BDF79155805A}"
EndProject
Project("{FAE04EC0-301F-11D3-BF4B-00C04F79EFBC}") = "ExpensifyImporter.Application", "ExpensifyImporter.Application\ExpensifyImporter.Application.csproj", "{F18BEEEB-5E44-484B-ACD5-50016FE48252}"
EndProject
Project("{2150E333-8FDC-42A3-9474-1A3956D46DE8}") = "Dependencies", "Dependencies", "{E6F1D523-527A-474B-AEA0-EEB1D30B3164}"
EndProject
Project("{FAE04EC0-301F-11D3-BF4B-00C04F79EFBC}") = "ExpensifyImporter.Library", "ExpensifyImporter.Library\ExpensifyImporter.Library.csproj", "{9812EBC8-0265-4933-A3C9-1E23CD277DD0}"
EndProject
Project("{FAE04EC0-301F-11D3-BF4B-00C04F79EFBC}") = "ExpensifyImporter.Database", "ExpensifyImporter.Database\ExpensifyImporter.Database.csproj", "{69BB7140-DDB0-4271-9881-2712EFABD875}"
EndProject
Global
	GlobalSection(SolutionConfigurationPlatforms) = preSolution
		Debug|Any CPU = Debug|Any CPU
		Release|Any CPU = Release|Any CPU
	EndGlobalSection
	GlobalSection(ProjectConfigurationPlatforms) = postSolution
		{F18BEEEB-5E44-484B-ACD5-50016FE48252}.Debug|Any CPU.ActiveCfg = Debug|Any CPU
		{F18BEEEB-5E44-484B-ACD5-50016FE48252}.Debug|Any CPU.Build.0 = Debug|Any CPU
		{F18BEEEB-5E44-484B-ACD5-50016FE48252}.Release|Any CPU.ActiveCfg = Release|Any CPU
		{F18BEEEB-5E44-484B-ACD5-50016FE48252}.Release|Any CPU.Build.0 = Release|Any CPU
		{9812EBC8-0265-4933-A3C9-1E23CD277DD0}.Debug|Any CPU.ActiveCfg = Debug|Any CPU
		{9812EBC8-0265-4933-A3C9-1E23CD277DD0}.Debug|Any CPU.Build.0 = Debug|Any CPU
		{9812EBC8-0265-4933-A3C9-1E23CD277DD0}.Release|Any CPU.ActiveCfg = Release|Any CPU
		{9812EBC8-0265-4933-A3C9-1E23CD277DD0}.Release|Any CPU.Build.0 = Release|Any CPU
		{69BB7140-DDB0-4271-9881-2712EFABD875}.Debug|Any CPU.ActiveCfg = Debug|Any CPU
		{69BB7140-DDB0-4271-9881-2712EFABD875}.Debug|Any CPU.Build.0 = Debug|Any CPU
		{69BB7140-DDB0-4271-9881-2712EFABD875}.Release|Any CPU.ActiveCfg = Release|Any CPU
		{69BB7140-DDB0-4271-9881-2712EFABD875}.Release|Any CPU.Build.0 = Release|Any CPU
	EndGlobalSection
	GlobalSection(SolutionProperties) = preSolution
		HideSolutionNode = FALSE
	EndGlobalSection
	GlobalSection(NestedProjects) = preSolution
		{F18BEEEB-5E44-484B-ACD5-50016FE48252} = {3C5464D5-0177-4B8F-BABE-FB99F793BD5D}
		{9812EBC8-0265-4933-A3C9-1E23CD277DD0} = {E6F1D523-527A-474B-AEA0-EEB1D30B3164}
		{69BB7140-DDB0-4271-9881-2712EFABD875} = {E6F1D523-527A-474B-AEA0-EEB1D30B3164}
	EndGlobalSection
	GlobalSection(ExtensibilityGlobals) = postSolution
		SolutionGuid = {5ED2C6E7-C8DB-4E2E-A9DC-F4C6761956AD}
	EndGlobalSection
EndGlobal
